
Microsoft Visual Studio Solution File, Format Version 12.00
# Visual Studio 14
VisualStudioVersion = 14.0.25420.1
MinimumVisualStudioVersion = 10.0.40219.1
Project("{FAE04EC0-301F-11D3-BF4B-00C04F79EFBC}") = "RealAleMap.Web", "RealAleMap.Web\RealAleMap.Web.csproj", "{F015F3FC-9EA0-4452-A1BF-186BF40BE6DF}"
EndProject
Project("{FAE04EC0-301F-11D3-BF4B-00C04F79EFBC}") = "RealAleMap.Web.Tests", "RealAleMap.Web.Tests\RealAleMap.Web.Tests.csproj", "{CA69578F-2B9F-42D3-A6A9-16C23D82E97C}"
EndProject
Global
	GlobalSection(SolutionConfigurationPlatforms) = preSolution
		Debug|Any CPU = Debug|Any CPU
		Release|Any CPU = Release|Any CPU
	EndGlobalSection
	GlobalSection(ProjectConfigurationPlatforms) = postSolution
		{F015F3FC-9EA0-4452-A1BF-186BF40BE6DF}.Debug|Any CPU.ActiveCfg = Debug|Any CPU
		{F015F3FC-9EA0-4452-A1BF-186BF40BE6DF}.Debug|Any CPU.Build.0 = Debug|Any CPU
		{F015F3FC-9EA0-4452-A1BF-186BF40BE6DF}.Release|Any CPU.ActiveCfg = Release|Any CPU
		{F015F3FC-9EA0-4452-A1BF-186BF40BE6DF}.Release|Any CPU.Build.0 = Release|Any CPU
		{CA69578F-2B9F-42D3-A6A9-16C23D82E97C}.Debug|Any CPU.ActiveCfg = Debug|Any CPU
		{CA69578F-2B9F-42D3-A6A9-16C23D82E97C}.Debug|Any CPU.Build.0 = Debug|Any CPU
		{CA69578F-2B9F-42D3-A6A9-16C23D82E97C}.Release|Any CPU.ActiveCfg = Release|Any CPU
		{CA69578F-2B9F-42D3-A6A9-16C23D82E97C}.Release|Any CPU.Build.0 = Release|Any CPU
	EndGlobalSection
	GlobalSection(SolutionProperties) = preSolution
		HideSolutionNode = FALSE
	EndGlobalSection
EndGlobal
